// !$*UTF8*$!
{
	archiveVersion = 1;
	classes = {
	};
	objectVersion = 50;
	objects = {

/* Begin PBXBuildFile section */
		B04B0BBF25068ABE002BCAED /* AppDelegate.swift in Sources */ = {isa = PBXBuildFile; fileRef = B04B0BBE25068ABE002BCAED /* AppDelegate.swift */; };
		B04B0BC125068ABE002BCAED /* SceneDelegate.swift in Sources */ = {isa = PBXBuildFile; fileRef = B04B0BC025068ABE002BCAED /* SceneDelegate.swift */; };
		B04B0BC325068ABE002BCAED /* ViewController.swift in Sources */ = {isa = PBXBuildFile; fileRef = B04B0BC225068ABE002BCAED /* ViewController.swift */; };
		B04B0BC625068ABE002BCAED /* Main.storyboard in Resources */ = {isa = PBXBuildFile; fileRef = B04B0BC425068ABE002BCAED /* Main.storyboard */; };
		B04B0BC825068AC1002BCAED /* Assets.xcassets in Resources */ = {isa = PBXBuildFile; fileRef = B04B0BC725068AC1002BCAED /* Assets.xcassets */; };
		B04B0BCB25068AC1002BCAED /* LaunchScreen.storyboard in Resources */ = {isa = PBXBuildFile; fileRef = B04B0BC925068AC1002BCAED /* LaunchScreen.storyboard */; };
/* End PBXBuildFile section */

/* Begin PBXFileReference section */
		B04B0BBB25068ABE002BCAED /* Messenger.app */ = {isa = PBXFileReference; explicitFileType = wrapper.application; includeInIndex = 0; path = Messenger.app; sourceTree = BUILT_PRODUCTS_DIR; };
		B04B0BBE25068ABE002BCAED /* AppDelegate.swift */ = {isa = PBXFileReference; lastKnownFileType = sourcecode.swift; path = AppDelegate.swift; sourceTree = "<group>"; };
		B04B0BC025068ABE002BCAED /* SceneDelegate.swift */ = {isa = PBXFileReference; lastKnownFileType = sourcecode.swift; path = SceneDelegate.swift; sourceTree = "<group>"; };
		B04B0BC225068ABE002BCAED /* ViewController.swift */ = {isa = PBXFileReference; lastKnownFileType = sourcecode.swift; path = ViewController.swift; sourceTree = "<group>"; };
		B04B0BC525068ABE002BCAED /* Base */ = {isa = PBXFileReference; lastKnownFileType = file.storyboard; name = Base; path = Base.lproj/Main.storyboard; sourceTree = "<group>"; };
		B04B0BC725068AC1002BCAED /* Assets.xcassets */ = {isa = PBXFileReference; lastKnownFileType = folder.assetcatalog; path = Assets.xcassets; sourceTree = "<group>"; };
		B04B0BCA25068AC1002BCAED /* Base */ = {isa = PBXFileReference; lastKnownFileType = file.storyboard; name = Base; path = Base.lproj/LaunchScreen.storyboard; sourceTree = "<group>"; };
		B04B0BCC25068AC1002BCAED /* Info.plist */ = {isa = PBXFileReference; lastKnownFileType = text.plist.xml; path = Info.plist; sourceTree = "<group>"; };
/* End PBXFileReference section */

/* Begin PBXFrameworksBuildPhase section */
		B04B0BB825068ABE002BCAED /* Frameworks */ = {
			isa = PBXFrameworksBuildPhase;
			buildActionMask = 2147483647;
			files = (
			);
			runOnlyForDeploymentPostprocessing = 0;
		};
/* End PBXFrameworksBuildPhase section */

/* Begin PBXGroup section */
		B04B0BB225068ABE002BCAED = {
			isa = PBXGroup;
			children = (
				B04B0BBD25068ABE002BCAED /* Messenger */,
				B04B0BBC25068ABE002BCAED /* Products */,
			);
			sourceTree = "<group>";
		};
		B04B0BBC25068ABE002BCAED /* Products */ = {
			isa = PBXGroup;
			children = (
				B04B0BBB25068ABE002BCAED /* Messenger.app */,
			);
			name = Products;
			sourceTree = "<group>";
		};
		B04B0BBD25068ABE002BCAED /* Messenger */ = {
			isa = PBXGroup;
			children = (
				B04B0BBE25068ABE002BCAED /* AppDelegate.swift */,
				B04B0BC025068ABE002BCAED /* SceneDelegate.swift */,
				B04B0BC225068ABE002BCAED /* ViewController.swift */,
				B04B0BC425068ABE002BCAED /* Main.storyboard */,
				B04B0BC725068AC1002BCAED /* Assets.xcassets */,
				B04B0BC925068AC1002BCAED /* LaunchScreen.storyboard */,
				B04B0BCC25068AC1002BCAED /* Info.plist */,
			);
			path = Messenger;
			sourceTree = "<group>";
		};
/* End PBXGroup section */

/* Begin PBXNativeTarget section */
		B04B0BBA25068ABE002BCAED /* Messenger */ = {
			isa = PBXNativeTarget;
			buildConfigurationList = B04B0BCF25068AC1002BCAED /* Build configuration list for PBXNativeTarget "Messenger" */;
			buildPhases = (
				B04B0BB725068ABE002BCAED /* Sources */,
				B04B0BB825068ABE002BCAED /* Frameworks */,
				B04B0BB925068ABE002BCAED /* Resources */,
			);
			buildRules = (
			);
			dependencies = (
			);
			name = Messenger;
			productName = Messenger;
			productReference = B04B0BBB25068ABE002BCAED /* Messenger.app */;
			productType = "com.apple.product-type.application";
		};
/* End PBXNativeTarget section */

/* Begin PBXProject section */
		B04B0BB325068ABE002BCAED /* Project object */ = {
			isa = PBXProject;
			attributes = {
				LastSwiftUpdateCheck = 1170;
				LastUpgradeCheck = 1170;
				ORGANIZATIONNAME = meme;
				TargetAttributes = {
					B04B0BBA25068ABE002BCAED = {
						CreatedOnToolsVersion = 11.7;
					};
				};
			};
			buildConfigurationList = B04B0BB625068ABE002BCAED /* Build configuration list for PBXProject "Messenger" */;
			compatibilityVersion = "Xcode 9.3";
			developmentRegion = en;
			hasScannedForEncodings = 0;
			knownRegions = (
				en,
				Base,
			);
			mainGroup = B04B0BB225068ABE002BCAED;
			productRefGroup = B04B0BBC25068ABE002BCAED /* Products */;
			projectDirPath = "";
			projectRoot = "";
			targets = (
				B04B0BBA25068ABE002BCAED /* Messenger */,
			);
		};
/* End PBXProject section */

/* Begin PBXResourcesBuildPhase section */
		B04B0BB925068ABE002BCAED /* Resources */ = {
			isa = PBXResourcesBuildPhase;
			buildActionMask = 2147483647;
			files = (
				B04B0BCB25068AC1002BCAED /* LaunchScreen.storyboard in Resources */,
				B04B0BC825068AC1002BCAED /* Assets.xcassets in Resources */,
				B04B0BC625068ABE002BCAED /* Main.storyboard in Resources */,
			);
			runOnlyForDeploymentPostprocessing = 0;
		};
/* End PBXResourcesBuildPhase section */

/* Begin PBXSourcesBuildPhase section */
		B04B0BB725068ABE002BCAED /* Sources */ = {
			isa = PBXSourcesBuildPhase;
			buildActionMask = 2147483647;
			files = (
				B04B0BC325068ABE002BCAED /* ViewController.swift in Sources */,
				B04B0BBF25068ABE002BCAED /* AppDelegate.swift in Sources */,
				B04B0BC125068ABE002BCAED /* SceneDelegate.swift in Sources */,
			);
			runOnlyForDeploymentPostprocessing = 0;
		};
/* End PBXSourcesBuildPhase section */

/* Begin PBXVariantGroup section */
		B04B0BC425068ABE002BCAED /* Main.storyboard */ = {
			isa = PBXVariantGroup;
			children = (
				B04B0BC525068ABE002BCAED /* Base */,
			);
			name = Main.storyboard;
			sourceTree = "<group>";
		};
		B04B0BC925068AC1002BCAED /* LaunchScreen.storyboard */ = {
			isa = PBXVariantGroup;
			children = (
				B04B0BCA25068AC1002BCAED /* Base */,
			);
			name = LaunchScreen.storyboard;
			sourceTree = "<group>";
		};
/* End PBXVariantGroup section */

/* Begin XCBuildConfiguration section */
		B04B0BCD25068AC1002BCAED /* Debug */ = {
			isa = XCBuildConfiguration;
			buildSettings = {
				ALWAYS_SEARCH_USER_PATHS = NO;
				CLANG_ANALYZER_NONNULL = YES;
				CLANG_ANALYZER_NUMBER_OBJECT_CONVERSION = YES_AGGRESSIVE;
				CLANG_CXX_LANGUAGE_STANDARD = "gnu++14";
				CLANG_CXX_LIBRARY = "libc++";
				CLANG_ENABLE_MODULES = YES;
				CLANG_ENABLE_OBJC_ARC = YES;
				CLANG_ENABLE_OBJC_WEAK = YES;
				CLANG_WARN_BLOCK_CAPTURE_AUTORELEASING = YES;
				CLANG_WARN_BOOL_CONVERSION = YES;
				CLANG_WARN_COMMA = YES;
				CLANG_WARN_CONSTANT_CONVERSION = YES;
				CLANG_WARN_DEPRECATED_OBJC_IMPLEMENTATIONS = YES;
				CLANG_WARN_DIRECT_OBJC_ISA_USAGE = YES_ERROR;
				CLANG_WARN_DOCUMENTATION_COMMENTS = YES;
				CLANG_WARN_EMPTY_BODY = YES;
				CLANG_WARN_ENUM_CONVERSION = YES;
				CLANG_WARN_INFINITE_RECURSION = YES;
				CLANG_WARN_INT_CONVERSION = YES;
				CLANG_WARN_NON_LITERAL_NULL_CONVERSION = YES;
				CLANG_WARN_OBJC_IMPLICIT_RETAIN_SELF = YES;
				CLANG_WARN_OBJC_LITERAL_CONVERSION = YES;
				CLANG_WARN_OBJC_ROOT_CLASS = YES_ERROR;
				CLANG_WARN_RANGE_LOOP_ANALYSIS = YES;
				CLANG_WARN_STRICT_PROTOTYPES = YES;
				CLANG_WARN_SUSPICIOUS_MOVE = YES;
				CLANG_WARN_UNGUARDED_AVAILABILITY = YES_AGGRESSIVE;
				CLANG_WARN_UNREACHABLE_CODE = YES;
				CLANG_WARN__DUPLICATE_METHOD_MATCH = YES;
				COPY_PHASE_STRIP = NO;
				DEBUG_INFORMATION_FORMAT = dwarf;
				ENABLE_STRICT_OBJC_MSGSEND = YES;
				ENABLE_TESTABILITY = YES;
				GCC_C_LANGUAGE_STANDARD = gnu11;
				GCC_DYNAMIC_NO_PIC = NO;
				GCC_NO_COMMON_BLOCKS = YES;
				GCC_OPTIMIZATION_LEVEL = 0;
				GCC_PREPROCESSOR_DEFINITIONS = (
					"DEBUG=1",
					"$(inherited)",
				);
				GCC_WARN_64_TO_32_BIT_CONVERSION = YES;
				GCC_WARN_ABOUT_RETURN_TYPE = YES_ERROR;
				GCC_WARN_UNDECLARED_SELECTOR = YES;
				GCC_WARN_UNINITIALIZED_AUTOS = YES_AGGRESSIVE;
				GCC_WARN_UNUSED_FUNCTION = YES;
				GCC_WARN_UNUSED_VARIABLE = YES;
				IPHONEOS_DEPLOYMENT_TARGET = 13.7;
				MTL_ENABLE_DEBUG_INFO = INCLUDE_SOURCE;
				MTL_FAST_MATH = YES;
				ONLY_ACTIVE_ARCH = YES;
				SDKROOT = iphoneos;
				SWIFT_ACTIVE_COMPILATION_CONDITIONS = DEBUG;
				SWIFT_OPTIMIZATION_LEVEL = "-Onone";
			};
			name = Debug;
		};
		B04B0BCE25068AC1002BCAED /* Release */ = {
			isa = XCBuildConfiguration;
			buildSettings = {
				ALWAYS_SEARCH_USER_PATHS = NO;
				CLANG_ANALYZER_NONNULL = YES;
				CLANG_ANALYZER_NUMBER_OBJECT_CONVERSION = YES_AGGRESSIVE;
				CLANG_CXX_LANGUAGE_STANDARD = "gnu++14";
				CLANG_CXX_LIBRARY = "libc++";
				CLANG_ENABLE_MODULES = YES;
				CLANG_ENABLE_OBJC_ARC = YES;
				CLANG_ENABLE_OBJC_WEAK = YES;
				CLANG_WARN_BLOCK_CAPTURE_AUTORELEASING = YES;
				CLANG_WARN_BOOL_CONVERSION = YES;
				CLANG_WARN_COMMA = YES;
				CLANG_WARN_CONSTANT_CONVERSION = YES;
				CLANG_WARN_DEPRECATED_OBJC_IMPLEMENTATIONS = YES;
				CLANG_WARN_DIRECT_OBJC_ISA_USAGE = YES_ERROR;
				CLANG_WARN_DOCUMENTATION_COMMENTS = YES;
				CLANG_WARN_EMPTY_BODY = YES;
				CLANG_WARN_ENUM_CONVERSION = YES;
				CLANG_WARN_INFINITE_RECURSION = YES;
				CLANG_WARN_INT_CONVERSION = YES;
				CLANG_WARN_NON_LITERAL_NULL_CONVERSION = YES;
				CLANG_WARN_OBJC_IMPLICIT_RETAIN_SELF = YES;
				CLANG_WARN_OBJC_LITERAL_CONVERSION = YES;
				CLANG_WARN_OBJC_ROOT_CLASS = YES_ERROR;
				CLANG_WARN_RANGE_LOOP_ANALYSIS = YES;
				CLANG_WARN_STRICT_PROTOTYPES = YES;
				CLANG_WARN_SUSPICIOUS_MOVE = YES;
				CLANG_WARN_UNGUARDED_AVAILABILITY = YES_AGGRESSIVE;
				CLANG_WARN_UNREACHABLE_CODE = YES;
				CLANG_WARN__DUPLICATE_METHOD_MATCH = YES;
				COPY_PHASE_STRIP = NO;
				DEBUG_INFORMATION_FORMAT = "dwarf-with-dsym";
				ENABLE_NS_ASSERTIONS = NO;
				ENABLE_STRICT_OBJC_MSGSEND = YES;
				GCC_C_LANGUAGE_STANDARD = gnu11;
				GCC_NO_COMMON_BLOCKS = YES;
				GCC_WARN_64_TO_32_BIT_CONVERSION = YES;
				GCC_WARN_ABOUT_RETURN_TYPE = YES_ERROR;
				GCC_WARN_UNDECLARED_SELECTOR = YES;
				GCC_WARN_UNINITIALIZED_AUTOS = YES_AGGRESSIVE;
				GCC_WARN_UNUSED_FUNCTION = YES;
				GCC_WARN_UNUSED_VARIABLE = YES;
				IPHONEOS_DEPLOYMENT_TARGET = 13.7;
				MTL_ENABLE_DEBUG_INFO = NO;
				MTL_FAST_MATH = YES;
				SDKROOT = iphoneos;
				SWIFT_COMPILATION_MODE = wholemodule;
				SWIFT_OPTIMIZATION_LEVEL = "-O";
				VALIDATE_PRODUCT = YES;
			};
			name = Release;
		};
		B04B0BD025068AC1002BCAED /* Debug */ = {
			isa = XCBuildConfiguration;
			buildSettings = {
				ASSETCATALOG_COMPILER_APPICON_NAME = AppIcon;
				CODE_SIGN_STYLE = Automatic;
				DEVELOPMENT_TEAM = 382M44S89G;
				INFOPLIST_FILE = Messenger/Info.plist;
				LD_RUNPATH_SEARCH_PATHS = (
					"$(inherited)",
					"@executable_path/Frameworks",
				);
				PRODUCT_BUNDLE_IDENTIFIER = com.meme.Messenger;
				PRODUCT_NAME = "$(TARGET_NAME)";
				SWIFT_VERSION = 5.0;
				TARGETED_DEVICE_FAMILY = "1,2";
			};
			name = Debug;
		};
		B04B0BD125068AC1002BCAED /* Release */ = {
			isa = XCBuildConfiguration;
			buildSettings = {
				ASSETCATALOG_COMPILER_APPICON_NAME = AppIcon;
				CODE_SIGN_STYLE = Automatic;
				DEVELOPMENT_TEAM = 382M44S89G;
				INFOPLIST_FILE = Messenger/Info.plist;
				LD_RUNPATH_SEARCH_PATHS = (
					"$(inherited)",
					"@executable_path/Frameworks",
				);
				PRODUCT_BUNDLE_IDENTIFIER = com.meme.Messenger;
				PRODUCT_NAME = "$(TARGET_NAME)";
				SWIFT_VERSION = 5.0;
				TARGETED_DEVICE_FAMILY = "1,2";
			};
			name = Release;
		};
/* End XCBuildConfiguration section */

/* Begin XCConfigurationList section */
		B04B0BB625068ABE002BCAED /* Build configuration list for PBXProject "Messenger" */ = {
			isa = XCConfigurationList;
			buildConfigurations = (
				B04B0BCD25068AC1002BCAED /* Debug */,
				B04B0BCE25068AC1002BCAED /* Release */,
			);
			defaultConfigurationIsVisible = 0;
			defaultConfigurationName = Release;
		};
		B04B0BCF25068AC1002BCAED /* Build configuration list for PBXNativeTarget "Messenger" */ = {
			isa = XCConfigurationList;
			buildConfigurations = (
				B04B0BD025068AC1002BCAED /* Debug */,
				B04B0BD125068AC1002BCAED /* Release */,
			);
			defaultConfigurationIsVisible = 0;
			defaultConfigurationName = Release;
		};
/* End XCConfigurationList section */
	};
	rootObject = B04B0BB325068ABE002BCAED /* Project object */;
}
