// !$*UTF8*$!
{
	archiveVersion = 1;
	classes = {
	};
	objectVersion = 51;
	objects = {

/* Begin PBXBuildFile section */
		B04B0BBF25068ABE002BCAED /* AppDelegate.swift in Sources */ = {isa = PBXBuildFile; fileRef = B04B0BBE25068ABE002BCAED /* AppDelegate.swift */; };
		B04B0BC125068ABE002BCAED /* SceneDelegate.swift in Sources */ = {isa = PBXBuildFile; fileRef = B04B0BC025068ABE002BCAED /* SceneDelegate.swift */; };
		B04B0BC325068ABE002BCAED /* ConversationsViewController.swift in Sources */ = {isa = PBXBuildFile; fileRef = B04B0BC225068ABE002BCAED /* ConversationsViewController.swift */; };
		B04B0BC625068ABE002BCAED /* Main.storyboard in Resources */ = {isa = PBXBuildFile; fileRef = B04B0BC425068ABE002BCAED /* Main.storyboard */; };
		B04B0BC825068AC1002BCAED /* Assets.xcassets in Resources */ = {isa = PBXBuildFile; fileRef = B04B0BC725068AC1002BCAED /* Assets.xcassets */; };
		B04B0BCB25068AC1002BCAED /* LaunchScreen.storyboard in Resources */ = {isa = PBXBuildFile; fileRef = B04B0BC925068AC1002BCAED /* LaunchScreen.storyboard */; };
		B04B0BD925068F27002BCAED /* LoginViewController.swift in Sources */ = {isa = PBXBuildFile; fileRef = B04B0BD825068F27002BCAED /* LoginViewController.swift */; };
		B04B0BDB25068F37002BCAED /* RegisterViewController.swift in Sources */ = {isa = PBXBuildFile; fileRef = B04B0BDA25068F37002BCAED /* RegisterViewController.swift */; };
		B04B0BDD25068F6B002BCAED /* PhotoViewrViewController.swift in Sources */ = {isa = PBXBuildFile; fileRef = B04B0BDC25068F6B002BCAED /* PhotoViewrViewController.swift */; };
		B04B0BDF25068F7F002BCAED /* VideoPlayerViewController.swift in Sources */ = {isa = PBXBuildFile; fileRef = B04B0BDE25068F7F002BCAED /* VideoPlayerViewController.swift */; };
		B04B0BE125068FB6002BCAED /* NewConversationViewController.swift in Sources */ = {isa = PBXBuildFile; fileRef = B04B0BE025068FB6002BCAED /* NewConversationViewController.swift */; };
		B04B0BE325068FCB002BCAED /* ProfileViewController.swift in Sources */ = {isa = PBXBuildFile; fileRef = B04B0BE225068FCB002BCAED /* ProfileViewController.swift */; };
		B04B0BE625069837002BCAED /* Extensions.swift in Sources */ = {isa = PBXBuildFile; fileRef = B04B0BE525069837002BCAED /* Extensions.swift */; };
		B04ED4DD2507DEF50015701B /* GoogleService-Info.plist in Resources */ = {isa = PBXBuildFile; fileRef = B04ED4DC2507DEF50015701B /* GoogleService-Info.plist */; };
		B0B5CE6225094FF6000BB46C /* DatabaseManger.swift in Sources */ = {isa = PBXBuildFile; fileRef = B0B5CE6125094FF6000BB46C /* DatabaseManger.swift */; };
		C40D4DDEC518DEB0B0922315 /* Pods_Messenger.framework in Frameworks */ = {isa = PBXBuildFile; fileRef = 265D4AB39E58C9BD5D87E4FC /* Pods_Messenger.framework */; };
/* End PBXBuildFile section */

/* Begin PBXFileReference section */
		265D4AB39E58C9BD5D87E4FC /* Pods_Messenger.framework */ = {isa = PBXFileReference; explicitFileType = wrapper.framework; includeInIndex = 0; path = Pods_Messenger.framework; sourceTree = BUILT_PRODUCTS_DIR; };
		9B5AB18DE6B283F3AC2D7B69 /* Pods-Messenger.release.xcconfig */ = {isa = PBXFileReference; includeInIndex = 1; lastKnownFileType = text.xcconfig; name = "Pods-Messenger.release.xcconfig"; path = "Target Support Files/Pods-Messenger/Pods-Messenger.release.xcconfig"; sourceTree = "<group>"; };
		B04B0BBB25068ABE002BCAED /* Messenger.app */ = {isa = PBXFileReference; explicitFileType = wrapper.application; includeInIndex = 0; path = Messenger.app; sourceTree = BUILT_PRODUCTS_DIR; };
		B04B0BBE25068ABE002BCAED /* AppDelegate.swift */ = {isa = PBXFileReference; lastKnownFileType = sourcecode.swift; path = AppDelegate.swift; sourceTree = "<group>"; };
		B04B0BC025068ABE002BCAED /* SceneDelegate.swift */ = {isa = PBXFileReference; lastKnownFileType = sourcecode.swift; path = SceneDelegate.swift; sourceTree = "<group>"; };
		B04B0BC225068ABE002BCAED /* ConversationsViewController.swift */ = {isa = PBXFileReference; lastKnownFileType = sourcecode.swift; path = ConversationsViewController.swift; sourceTree = "<group>"; };
		B04B0BC525068ABE002BCAED /* Base */ = {isa = PBXFileReference; lastKnownFileType = file.storyboard; name = Base; path = Base.lproj/Main.storyboard; sourceTree = "<group>"; };
		B04B0BC725068AC1002BCAED /* Assets.xcassets */ = {isa = PBXFileReference; lastKnownFileType = folder.assetcatalog; path = Assets.xcassets; sourceTree = "<group>"; };
		B04B0BCA25068AC1002BCAED /* Base */ = {isa = PBXFileReference; lastKnownFileType = file.storyboard; name = Base; path = Base.lproj/LaunchScreen.storyboard; sourceTree = "<group>"; };
		B04B0BCC25068AC1002BCAED /* Info.plist */ = {isa = PBXFileReference; lastKnownFileType = text.plist.xml; path = Info.plist; sourceTree = "<group>"; };
		B04B0BD825068F27002BCAED /* LoginViewController.swift */ = {isa = PBXFileReference; lastKnownFileType = sourcecode.swift; path = LoginViewController.swift; sourceTree = "<group>"; };
		B04B0BDA25068F37002BCAED /* RegisterViewController.swift */ = {isa = PBXFileReference; lastKnownFileType = sourcecode.swift; path = RegisterViewController.swift; sourceTree = "<group>"; };
		B04B0BDC25068F6B002BCAED /* PhotoViewrViewController.swift */ = {isa = PBXFileReference; lastKnownFileType = sourcecode.swift; path = PhotoViewrViewController.swift; sourceTree = "<group>"; };
		B04B0BDE25068F7F002BCAED /* VideoPlayerViewController.swift */ = {isa = PBXFileReference; lastKnownFileType = sourcecode.swift; path = VideoPlayerViewController.swift; sourceTree = "<group>"; };
		B04B0BE025068FB6002BCAED /* NewConversationViewController.swift */ = {isa = PBXFileReference; lastKnownFileType = sourcecode.swift; path = NewConversationViewController.swift; sourceTree = "<group>"; };
		B04B0BE225068FCB002BCAED /* ProfileViewController.swift */ = {isa = PBXFileReference; lastKnownFileType = sourcecode.swift; path = ProfileViewController.swift; sourceTree = "<group>"; };
		B04B0BE525069837002BCAED /* Extensions.swift */ = {isa = PBXFileReference; lastKnownFileType = sourcecode.swift; path = Extensions.swift; sourceTree = "<group>"; };
		B04ED4DC2507DEF50015701B /* GoogleService-Info.plist */ = {isa = PBXFileReference; fileEncoding = 4; lastKnownFileType = text.plist.xml; path = "GoogleService-Info.plist"; sourceTree = "<group>"; };
		B0B5CE6125094FF6000BB46C /* DatabaseManger.swift */ = {isa = PBXFileReference; lastKnownFileType = sourcecode.swift; path = DatabaseManger.swift; sourceTree = "<group>"; };
		DED308CB12661EAE0F37C07C /* Pods-Messenger.debug.xcconfig */ = {isa = PBXFileReference; includeInIndex = 1; lastKnownFileType = text.xcconfig; name = "Pods-Messenger.debug.xcconfig"; path = "Target Support Files/Pods-Messenger/Pods-Messenger.debug.xcconfig"; sourceTree = "<group>"; };
/* End PBXFileReference section */

/* Begin PBXFrameworksBuildPhase section */
		B04B0BB825068ABE002BCAED /* Frameworks */ = {
			isa = PBXFrameworksBuildPhase;
			buildActionMask = 2147483647;
			files = (
				C40D4DDEC518DEB0B0922315 /* Pods_Messenger.framework in Frameworks */,
			);
			runOnlyForDeploymentPostprocessing = 0;
		};
/* End PBXFrameworksBuildPhase section */

/* Begin PBXGroup section */
		B04B0BB225068ABE002BCAED = {
			isa = PBXGroup;
			children = (
				B04B0BBD25068ABE002BCAED /* Messenger */,
				B04B0BBC25068ABE002BCAED /* Products */,
				FA4808CEF6F34B93BB08A438 /* Pods */,
				CBA3C789DFD33AC1ECE4438D /* Frameworks */,
			);
			sourceTree = "<group>";
		};
		B04B0BBC25068ABE002BCAED /* Products */ = {
			isa = PBXGroup;
			children = (
				B04B0BBB25068ABE002BCAED /* Messenger.app */,
			);
			name = Products;
			sourceTree = "<group>";
		};
		B04B0BBD25068ABE002BCAED /* Messenger */ = {
			isa = PBXGroup;
			children = (
				B04B0BD625068CF4002BCAED /* Resources */,
				B04B0BD525068CE7002BCAED /* View Models */,
				B04B0BD425068CD9002BCAED /* Models */,
				B04B0BD325068CCD002BCAED /* Views */,
				B04B0BD225068CC2002BCAED /* Controllers */,
				B04B0BCC25068AC1002BCAED /* Info.plist */,
				B04ED4DC2507DEF50015701B /* GoogleService-Info.plist */,
			);
			path = Messenger;
			sourceTree = "<group>";
		};
		B04B0BD225068CC2002BCAED /* Controllers */ = {
			isa = PBXGroup;
			children = (
				B04B0BE4250691EC002BCAED /* Login */,
				B04B0BC225068ABE002BCAED /* ConversationsViewController.swift */,
				B04B0BDC25068F6B002BCAED /* PhotoViewrViewController.swift */,
				B04B0BDE25068F7F002BCAED /* VideoPlayerViewController.swift */,
				B04B0BE025068FB6002BCAED /* NewConversationViewController.swift */,
				B04B0BE225068FCB002BCAED /* ProfileViewController.swift */,
			);
			path = Controllers;
			sourceTree = "<group>";
		};
		B04B0BD325068CCD002BCAED /* Views */ = {
			isa = PBXGroup;
			children = (
				B04B0BD725068D33002BCAED /* Storyboards */,
				B04B0BC725068AC1002BCAED /* Assets.xcassets */,
			);
			path = Views;
			sourceTree = "<group>";
		};
		B04B0BD425068CD9002BCAED /* Models */ = {
			isa = PBXGroup;
			children = (
			);
			path = Models;
			sourceTree = "<group>";
		};
		B04B0BD525068CE7002BCAED /* View Models */ = {
			isa = PBXGroup;
			children = (
			);
			path = "View Models";
			sourceTree = "<group>";
		};
		B04B0BD625068CF4002BCAED /* Resources */ = {
			isa = PBXGroup;
			children = (
				B04B0BBE25068ABE002BCAED /* AppDelegate.swift */,
				B04B0BC025068ABE002BCAED /* SceneDelegate.swift */,
				B04B0BE525069837002BCAED /* Extensions.swift */,
				B0B5CE6125094FF6000BB46C /* DatabaseManger.swift */,
			);
			path = Resources;
			sourceTree = "<group>";
		};
		B04B0BD725068D33002BCAED /* Storyboards */ = {
			isa = PBXGroup;
			children = (
				B04B0BC925068AC1002BCAED /* LaunchScreen.storyboard */,
				B04B0BC425068ABE002BCAED /* Main.storyboard */,
			);
			path = Storyboards;
			sourceTree = "<group>";
		};
		B04B0BE4250691EC002BCAED /* Login */ = {
			isa = PBXGroup;
			children = (
				B04B0BD825068F27002BCAED /* LoginViewController.swift */,
				B04B0BDA25068F37002BCAED /* RegisterViewController.swift */,
			);
			path = Login;
			sourceTree = "<group>";
		};
		CBA3C789DFD33AC1ECE4438D /* Frameworks */ = {
			isa = PBXGroup;
			children = (
				265D4AB39E58C9BD5D87E4FC /* Pods_Messenger.framework */,
			);
			name = Frameworks;
			sourceTree = "<group>";
		};
		FA4808CEF6F34B93BB08A438 /* Pods */ = {
			isa = PBXGroup;
			children = (
				DED308CB12661EAE0F37C07C /* Pods-Messenger.debug.xcconfig */,
				9B5AB18DE6B283F3AC2D7B69 /* Pods-Messenger.release.xcconfig */,
			);
			path = Pods;
			sourceTree = "<group>";
		};
/* End PBXGroup section */

/* Begin PBXNativeTarget section */
		B04B0BBA25068ABE002BCAED /* Messenger */ = {
			isa = PBXNativeTarget;
			buildConfigurationList = B04B0BCF25068AC1002BCAED /* Build configuration list for PBXNativeTarget "Messenger" */;
			buildPhases = (
				A57D6893911493EF7404F312 /* [CP] Check Pods Manifest.lock */,
				B04B0BB725068ABE002BCAED /* Sources */,
				B04B0BB825068ABE002BCAED /* Frameworks */,
				B04B0BB925068ABE002BCAED /* Resources */,
				16102BA1C61B40428D26D63A /* [CP] Embed Pods Frameworks */,
			);
			buildRules = (
			);
			dependencies = (
			);
			name = Messenger;
			productName = Messenger;
			productReference = B04B0BBB25068ABE002BCAED /* Messenger.app */;
			productType = "com.apple.product-type.application";
		};
/* End PBXNativeTarget section */

/* Begin PBXProject section */
		B04B0BB325068ABE002BCAED /* Project object */ = {
			isa = PBXProject;
			attributes = {
				LastSwiftUpdateCheck = 1170;
				LastUpgradeCheck = 1170;
				ORGANIZATIONNAME = meme;
				TargetAttributes = {
					B04B0BBA25068ABE002BCAED = {
						CreatedOnToolsVersion = 11.7;
					};
				};
			};
			buildConfigurationList = B04B0BB625068ABE002BCAED /* Build configuration list for PBXProject "Messenger" */;
			compatibilityVersion = "Xcode 9.3";
			developmentRegion = en;
			hasScannedForEncodings = 0;
			knownRegions = (
				en,
				Base,
			);
			mainGroup = B04B0BB225068ABE002BCAED;
			productRefGroup = B04B0BBC25068ABE002BCAED /* Products */;
			projectDirPath = "";
			projectRoot = "";
			targets = (
				B04B0BBA25068ABE002BCAED /* Messenger */,
			);
		};
/* End PBXProject section */

/* Begin PBXResourcesBuildPhase section */
		B04B0BB925068ABE002BCAED /* Resources */ = {
			isa = PBXResourcesBuildPhase;
			buildActionMask = 2147483647;
			files = (
				B04B0BCB25068AC1002BCAED /* LaunchScreen.storyboard in Resources */,
				B04ED4DD2507DEF50015701B /* GoogleService-Info.plist in Resources */,
				B04B0BC825068AC1002BCAED /* Assets.xcassets in Resources */,
				B04B0BC625068ABE002BCAED /* Main.storyboard in Resources */,
			);
			runOnlyForDeploymentPostprocessing = 0;
		};
/* End PBXResourcesBuildPhase section */

/* Begin PBXShellScriptBuildPhase section */
		16102BA1C61B40428D26D63A /* [CP] Embed Pods Frameworks */ = {
			isa = PBXShellScriptBuildPhase;
			buildActionMask = 2147483647;
			files = (
			);
			inputFileListPaths = (
				"${PODS_ROOT}/Target Support Files/Pods-Messenger/Pods-Messenger-frameworks-${CONFIGURATION}-input-files.xcfilelist",
			);
			name = "[CP] Embed Pods Frameworks";
			outputFileListPaths = (
				"${PODS_ROOT}/Target Support Files/Pods-Messenger/Pods-Messenger-frameworks-${CONFIGURATION}-output-files.xcfilelist",
			);
			runOnlyForDeploymentPostprocessing = 0;
			shellPath = /bin/sh;
			shellScript = "\"${PODS_ROOT}/Target Support Files/Pods-Messenger/Pods-Messenger-frameworks.sh\"\n";
			showEnvVarsInLog = 0;
		};
		A57D6893911493EF7404F312 /* [CP] Check Pods Manifest.lock */ = {
			isa = PBXShellScriptBuildPhase;
			buildActionMask = 2147483647;
			files = (
			);
			inputFileListPaths = (
			);
			inputPaths = (
				"${PODS_PODFILE_DIR_PATH}/Podfile.lock",
				"${PODS_ROOT}/Manifest.lock",
			);
			name = "[CP] Check Pods Manifest.lock";
			outputFileListPaths = (
			);
			outputPaths = (
				"$(DERIVED_FILE_DIR)/Pods-Messenger-checkManifestLockResult.txt",
			);
			runOnlyForDeploymentPostprocessing = 0;
			shellPath = /bin/sh;
			shellScript = "diff \"${PODS_PODFILE_DIR_PATH}/Podfile.lock\" \"${PODS_ROOT}/Manifest.lock\" > /dev/null\nif [ $? != 0 ] ; then\n    # print error to STDERR\n    echo \"error: The sandbox is not in sync with the Podfile.lock. Run 'pod install' or update your CocoaPods installation.\" >&2\n    exit 1\nfi\n# This output is used by Xcode 'outputs' to avoid re-running this script phase.\necho \"SUCCESS\" > \"${SCRIPT_OUTPUT_FILE_0}\"\n";
			showEnvVarsInLog = 0;
		};
/* End PBXShellScriptBuildPhase section */

/* Begin PBXSourcesBuildPhase section */
		B04B0BB725068ABE002BCAED /* Sources */ = {
			isa = PBXSourcesBuildPhase;
			buildActionMask = 2147483647;
			files = (
				B04B0BD925068F27002BCAED /* LoginViewController.swift in Sources */,
				B04B0BDB25068F37002BCAED /* RegisterViewController.swift in Sources */,
				B04B0BE125068FB6002BCAED /* NewConversationViewController.swift in Sources */,
				B04B0BDF25068F7F002BCAED /* VideoPlayerViewController.swift in Sources */,
				B04B0BC325068ABE002BCAED /* ConversationsViewController.swift in Sources */,
				B04B0BE625069837002BCAED /* Extensions.swift in Sources */,
				B0B5CE6225094FF6000BB46C /* DatabaseManger.swift in Sources */,
				B04B0BDD25068F6B002BCAED /* PhotoViewrViewController.swift in Sources */,
				B04B0BE325068FCB002BCAED /* ProfileViewController.swift in Sources */,
				B04B0BBF25068ABE002BCAED /* AppDelegate.swift in Sources */,
				B04B0BC125068ABE002BCAED /* SceneDelegate.swift in Sources */,
			);
			runOnlyForDeploymentPostprocessing = 0;
		};
/* End PBXSourcesBuildPhase section */

/* Begin PBXVariantGroup section */
		B04B0BC425068ABE002BCAED /* Main.storyboard */ = {
			isa = PBXVariantGroup;
			children = (
				B04B0BC525068ABE002BCAED /* Base */,
			);
			name = Main.storyboard;
			sourceTree = "<group>";
		};
		B04B0BC925068AC1002BCAED /* LaunchScreen.storyboard */ = {
			isa = PBXVariantGroup;
			children = (
				B04B0BCA25068AC1002BCAED /* Base */,
			);
			name = LaunchScreen.storyboard;
			sourceTree = "<group>";
		};
/* End PBXVariantGroup section */

/* Begin XCBuildConfiguration section */
		B04B0BCD25068AC1002BCAED /* Debug */ = {
			isa = XCBuildConfiguration;
			buildSettings = {
				ALWAYS_SEARCH_USER_PATHS = NO;
				CLANG_ANALYZER_NONNULL = YES;
				CLANG_ANALYZER_NUMBER_OBJECT_CONVERSION = YES_AGGRESSIVE;
				CLANG_CXX_LANGUAGE_STANDARD = "gnu++14";
				CLANG_CXX_LIBRARY = "libc++";
				CLANG_ENABLE_MODULES = YES;
				CLANG_ENABLE_OBJC_ARC = YES;
				CLANG_ENABLE_OBJC_WEAK = YES;
				CLANG_WARN_BLOCK_CAPTURE_AUTORELEASING = YES;
				CLANG_WARN_BOOL_CONVERSION = YES;
				CLANG_WARN_COMMA = YES;
				CLANG_WARN_CONSTANT_CONVERSION = YES;
				CLANG_WARN_DEPRECATED_OBJC_IMPLEMENTATIONS = YES;
				CLANG_WARN_DIRECT_OBJC_ISA_USAGE = YES_ERROR;
				CLANG_WARN_DOCUMENTATION_COMMENTS = YES;
				CLANG_WARN_EMPTY_BODY = YES;
				CLANG_WARN_ENUM_CONVERSION = YES;
				CLANG_WARN_INFINITE_RECURSION = YES;
				CLANG_WARN_INT_CONVERSION = YES;
				CLANG_WARN_NON_LITERAL_NULL_CONVERSION = YES;
				CLANG_WARN_OBJC_IMPLICIT_RETAIN_SELF = YES;
				CLANG_WARN_OBJC_LITERAL_CONVERSION = YES;
				CLANG_WARN_OBJC_ROOT_CLASS = YES_ERROR;
				CLANG_WARN_RANGE_LOOP_ANALYSIS = YES;
				CLANG_WARN_STRICT_PROTOTYPES = YES;
				CLANG_WARN_SUSPICIOUS_MOVE = YES;
				CLANG_WARN_UNGUARDED_AVAILABILITY = YES_AGGRESSIVE;
				CLANG_WARN_UNREACHABLE_CODE = YES;
				CLANG_WARN__DUPLICATE_METHOD_MATCH = YES;
				COPY_PHASE_STRIP = NO;
				DEBUG_INFORMATION_FORMAT = dwarf;
				ENABLE_STRICT_OBJC_MSGSEND = YES;
				ENABLE_TESTABILITY = YES;
				GCC_C_LANGUAGE_STANDARD = gnu11;
				GCC_DYNAMIC_NO_PIC = NO;
				GCC_NO_COMMON_BLOCKS = YES;
				GCC_OPTIMIZATION_LEVEL = 0;
				GCC_PREPROCESSOR_DEFINITIONS = (
					"DEBUG=1",
					"$(inherited)",
				);
				GCC_WARN_64_TO_32_BIT_CONVERSION = YES;
				GCC_WARN_ABOUT_RETURN_TYPE = YES_ERROR;
				GCC_WARN_UNDECLARED_SELECTOR = YES;
				GCC_WARN_UNINITIALIZED_AUTOS = YES_AGGRESSIVE;
				GCC_WARN_UNUSED_FUNCTION = YES;
				GCC_WARN_UNUSED_VARIABLE = YES;
				IPHONEOS_DEPLOYMENT_TARGET = 13.7;
				MTL_ENABLE_DEBUG_INFO = INCLUDE_SOURCE;
				MTL_FAST_MATH = YES;
				ONLY_ACTIVE_ARCH = YES;
				SDKROOT = iphoneos;
				SWIFT_ACTIVE_COMPILATION_CONDITIONS = DEBUG;
				SWIFT_OPTIMIZATION_LEVEL = "-Onone";
			};
			name = Debug;
		};
		B04B0BCE25068AC1002BCAED /* Release */ = {
			isa = XCBuildConfiguration;
			buildSettings = {
				ALWAYS_SEARCH_USER_PATHS = NO;
				CLANG_ANALYZER_NONNULL = YES;
				CLANG_ANALYZER_NUMBER_OBJECT_CONVERSION = YES_AGGRESSIVE;
				CLANG_CXX_LANGUAGE_STANDARD = "gnu++14";
				CLANG_CXX_LIBRARY = "libc++";
				CLANG_ENABLE_MODULES = YES;
				CLANG_ENABLE_OBJC_ARC = YES;
				CLANG_ENABLE_OBJC_WEAK = YES;
				CLANG_WARN_BLOCK_CAPTURE_AUTORELEASING = YES;
				CLANG_WARN_BOOL_CONVERSION = YES;
				CLANG_WARN_COMMA = YES;
				CLANG_WARN_CONSTANT_CONVERSION = YES;
				CLANG_WARN_DEPRECATED_OBJC_IMPLEMENTATIONS = YES;
				CLANG_WARN_DIRECT_OBJC_ISA_USAGE = YES_ERROR;
				CLANG_WARN_DOCUMENTATION_COMMENTS = YES;
				CLANG_WARN_EMPTY_BODY = YES;
				CLANG_WARN_ENUM_CONVERSION = YES;
				CLANG_WARN_INFINITE_RECURSION = YES;
				CLANG_WARN_INT_CONVERSION = YES;
				CLANG_WARN_NON_LITERAL_NULL_CONVERSION = YES;
				CLANG_WARN_OBJC_IMPLICIT_RETAIN_SELF = YES;
				CLANG_WARN_OBJC_LITERAL_CONVERSION = YES;
				CLANG_WARN_OBJC_ROOT_CLASS = YES_ERROR;
				CLANG_WARN_RANGE_LOOP_ANALYSIS = YES;
				CLANG_WARN_STRICT_PROTOTYPES = YES;
				CLANG_WARN_SUSPICIOUS_MOVE = YES;
				CLANG_WARN_UNGUARDED_AVAILABILITY = YES_AGGRESSIVE;
				CLANG_WARN_UNREACHABLE_CODE = YES;
				CLANG_WARN__DUPLICATE_METHOD_MATCH = YES;
				COPY_PHASE_STRIP = NO;
				DEBUG_INFORMATION_FORMAT = "dwarf-with-dsym";
				ENABLE_NS_ASSERTIONS = NO;
				ENABLE_STRICT_OBJC_MSGSEND = YES;
				GCC_C_LANGUAGE_STANDARD = gnu11;
				GCC_NO_COMMON_BLOCKS = YES;
				GCC_WARN_64_TO_32_BIT_CONVERSION = YES;
				GCC_WARN_ABOUT_RETURN_TYPE = YES_ERROR;
				GCC_WARN_UNDECLARED_SELECTOR = YES;
				GCC_WARN_UNINITIALIZED_AUTOS = YES_AGGRESSIVE;
				GCC_WARN_UNUSED_FUNCTION = YES;
				GCC_WARN_UNUSED_VARIABLE = YES;
				IPHONEOS_DEPLOYMENT_TARGET = 13.7;
				MTL_ENABLE_DEBUG_INFO = NO;
				MTL_FAST_MATH = YES;
				SDKROOT = iphoneos;
				SWIFT_COMPILATION_MODE = wholemodule;
				SWIFT_OPTIMIZATION_LEVEL = "-O";
				VALIDATE_PRODUCT = YES;
			};
			name = Release;
		};
		B04B0BD025068AC1002BCAED /* Debug */ = {
			isa = XCBuildConfiguration;
			baseConfigurationReference = DED308CB12661EAE0F37C07C /* Pods-Messenger.debug.xcconfig */;
			buildSettings = {
				ASSETCATALOG_COMPILER_APPICON_NAME = AppIcon;
				CODE_SIGN_STYLE = Automatic;
				DEVELOPMENT_TEAM = 382M44S89G;
				INFOPLIST_FILE = Messenger/Info.plist;
				LD_RUNPATH_SEARCH_PATHS = (
					"$(inherited)",
					"@executable_path/Frameworks",
				);
				PRODUCT_BUNDLE_IDENTIFIER = com.meme.Messenger;
				PRODUCT_NAME = "$(TARGET_NAME)";
				SWIFT_VERSION = 5.0;
				TARGETED_DEVICE_FAMILY = "1,2";
			};
			name = Debug;
		};
		B04B0BD125068AC1002BCAED /* Release */ = {
			isa = XCBuildConfiguration;
			baseConfigurationReference = 9B5AB18DE6B283F3AC2D7B69 /* Pods-Messenger.release.xcconfig */;
			buildSettings = {
				ASSETCATALOG_COMPILER_APPICON_NAME = AppIcon;
				CODE_SIGN_STYLE = Automatic;
				DEVELOPMENT_TEAM = 382M44S89G;
				INFOPLIST_FILE = Messenger/Info.plist;
				LD_RUNPATH_SEARCH_PATHS = (
					"$(inherited)",
					"@executable_path/Frameworks",
				);
				PRODUCT_BUNDLE_IDENTIFIER = com.meme.Messenger;
				PRODUCT_NAME = "$(TARGET_NAME)";
				SWIFT_VERSION = 5.0;
				TARGETED_DEVICE_FAMILY = "1,2";
			};
			name = Release;
		};
/* End XCBuildConfiguration section */

/* Begin XCConfigurationList section */
		B04B0BB625068ABE002BCAED /* Build configuration list for PBXProject "Messenger" */ = {
			isa = XCConfigurationList;
			buildConfigurations = (
				B04B0BCD25068AC1002BCAED /* Debug */,
				B04B0BCE25068AC1002BCAED /* Release */,
			);
			defaultConfigurationIsVisible = 0;
			defaultConfigurationName = Release;
		};
		B04B0BCF25068AC1002BCAED /* Build configuration list for PBXNativeTarget "Messenger" */ = {
			isa = XCConfigurationList;
			buildConfigurations = (
				B04B0BD025068AC1002BCAED /* Debug */,
				B04B0BD125068AC1002BCAED /* Release */,
			);
			defaultConfigurationIsVisible = 0;
			defaultConfigurationName = Release;
		};
/* End XCConfigurationList section */
	};
	rootObject = B04B0BB325068ABE002BCAED /* Project object */;
}
